Microsoft Visual Studio Solution File, Format Version 12.00
# Visual Studio Version 17
VisualStudioVersion = 17.5.2.0
MinimumVisualStudioVersion = 10.0.40219.1
Project("{2150E333-8FDC-42A3-9474-1A3956D46DE8}") = "firstLevelInCode", "firstLevelInCode", "{DF2E0566-7200-1BD4-6ACE-42FC996923F8}"
EndProject
Project("{2150E333-8FDC-42A3-9474-1A3956D46DE8}") = "lvl2", "lvl2", "{344BBE4F-2B96-20C9-CBB2-FBC0E7C3A79F}"
EndProject
Project("{FAE04EC0-301F-11D3-BF4B-00C04F79EFBC}") = "CodeFit", "firstLevelInCode\CodeFit\CodeFit.csproj", "{17DA2B3C-7B4E-8644-99BE-B208F4EDDADA}"
EndProject
Project("{FAE04EC0-301F-11D3-BF4B-00C04F79EFBC}") = "cupid", "firstLevelInCode\cupid\cupid.csproj", "{BA711A1E-39D1-17E3-A601-78EF66103E05}"
EndProject
Project("{FAE04EC0-301F-11D3-BF4B-00C04F79EFBC}") = "Grasp", "firstLevelInCode\Grasp\Grasp.csproj", "{6FB8BB1D-A568-1343-AF16-938F9F449AC7}"
EndProject
Project("{FAE04EC0-301F-11D3-BF4B-00C04F79EFBC}") = "solidExample", "firstLevelInCode\solidExample\solidExample.csproj", "{EE2F280F-9150-EA7C-15A1-3A9B9F71A3E8}"
EndProject
Project("{FAE04EC0-301F-11D3-BF4B-00C04F79EFBC}") = "domainDriven", "lvl2\domainDriven\domainDriven.csproj", "{39DE82D6-A5C0-78CF-C989-5D6A5DEBB2B9}"
EndProject
Project("{FAE04EC0-301F-11D3-BF4B-00C04F79EFBC}") = "featureFolder", "lvl2\featureFolder\featureFolder.csproj", "{BC495B00-C324-C946-704B-D4942CAE1503}"
EndProject
Project("{FAE04EC0-301F-11D3-BF4B-00C04F79EFBC}") = "featureSlices", "lvl2\featureSlices\featureSlices.csproj", "{1A7C13D6-4A7D-ECA6-9BC8-B6805E74C985}"
EndProject
Project("{FAE04EC0-301F-11D3-BF4B-00C04F79EFBC}") = "mda", "lvl2\mda\mda.csproj", "{A22DD43C-23AF-A2F6-0570-68825AFD8156}"
EndProject
Project("{FAE04EC0-301F-11D3-BF4B-00C04F79EFBC}") = "soa", "lvl2\soa\soa.csproj", "{1FE69C3F-EB20-3176-9DEC-6A9286767E0F}"
EndProject
Global
	GlobalSection(SolutionConfigurationPlatforms) = preSolution
		Debug|Any CPU = Debug|Any CPU
		Release|Any CPU = Release|Any CPU
	EndGlobalSection
	GlobalSection(ProjectConfigurationPlatforms) = postSolution
		{17DA2B3C-7B4E-8644-99BE-B208F4EDDADA}.Debug|Any CPU.ActiveCfg = Debug|Any CPU
		{17DA2B3C-7B4E-8644-99BE-B208F4EDDADA}.Debug|Any CPU.Build.0 = Debug|Any CPU
		{17DA2B3C-7B4E-8644-99BE-B208F4EDDADA}.Release|Any CPU.ActiveCfg = Release|Any CPU
		{17DA2B3C-7B4E-8644-99BE-B208F4EDDADA}.Release|Any CPU.Build.0 = Release|Any CPU
		{BA711A1E-39D1-17E3-A601-78EF66103E05}.Debug|Any CPU.ActiveCfg = Debug|Any CPU
		{BA711A1E-39D1-17E3-A601-78EF66103E05}.Debug|Any CPU.Build.0 = Debug|Any CPU
		{BA711A1E-39D1-17E3-A601-78EF66103E05}.Release|Any CPU.ActiveCfg = Release|Any CPU
		{BA711A1E-39D1-17E3-A601-78EF66103E05}.Release|Any CPU.Build.0 = Release|Any CPU
		{6FB8BB1D-A568-1343-AF16-938F9F449AC7}.Debug|Any CPU.ActiveCfg = Debug|Any CPU
		{6FB8BB1D-A568-1343-AF16-938F9F449AC7}.Debug|Any CPU.Build.0 = Debug|Any CPU
		{6FB8BB1D-A568-1343-AF16-938F9F449AC7}.Release|Any CPU.ActiveCfg = Release|Any CPU
		{6FB8BB1D-A568-1343-AF16-938F9F449AC7}.Release|Any CPU.Build.0 = Release|Any CPU
		{EE2F280F-9150-EA7C-15A1-3A9B9F71A3E8}.Debug|Any CPU.ActiveCfg = Debug|Any CPU
		{EE2F280F-9150-EA7C-15A1-3A9B9F71A3E8}.Debug|Any CPU.Build.0 = Debug|Any CPU
		{EE2F280F-9150-EA7C-15A1-3A9B9F71A3E8}.Release|Any CPU.ActiveCfg = Release|Any CPU
		{EE2F280F-9150-EA7C-15A1-3A9B9F71A3E8}.Release|Any CPU.Build.0 = Release|Any CPU
		{39DE82D6-A5C0-78CF-C989-5D6A5DEBB2B9}.Debug|Any CPU.ActiveCfg = Debug|Any CPU
		{39DE82D6-A5C0-78CF-C989-5D6A5DEBB2B9}.Debug|Any CPU.Build.0 = Debug|Any CPU
		{39DE82D6-A5C0-78CF-C989-5D6A5DEBB2B9}.Release|Any CPU.ActiveCfg = Release|Any CPU
		{39DE82D6-A5C0-78CF-C989-5D6A5DEBB2B9}.Release|Any CPU.Build.0 = Release|Any CPU
		{BC495B00-C324-C946-704B-D4942CAE1503}.Debug|Any CPU.ActiveCfg = Debug|Any CPU
		{BC495B00-C324-C946-704B-D4942CAE1503}.Debug|Any CPU.Build.0 = Debug|Any CPU
		{BC495B00-C324-C946-704B-D4942CAE1503}.Release|Any CPU.ActiveCfg = Release|Any CPU
		{BC495B00-C324-C946-704B-D4942CAE1503}.Release|Any CPU.Build.0 = Release|Any CPU
		{1A7C13D6-4A7D-ECA6-9BC8-B6805E74C985}.Debug|Any CPU.ActiveCfg = Debug|Any CPU
		{1A7C13D6-4A7D-ECA6-9BC8-B6805E74C985}.Debug|Any CPU.Build.0 = Debug|Any CPU
		{1A7C13D6-4A7D-ECA6-9BC8-B6805E74C985}.Release|Any CPU.ActiveCfg = Release|Any CPU
		{1A7C13D6-4A7D-ECA6-9BC8-B6805E74C985}.Release|Any CPU.Build.0 = Release|Any CPU
		{A22DD43C-23AF-A2F6-0570-68825AFD8156}.Debug|Any CPU.ActiveCfg = Debug|Any CPU
		{A22DD43C-23AF-A2F6-0570-68825AFD8156}.Debug|Any CPU.Build.0 = Debug|Any CPU
		{A22DD43C-23AF-A2F6-0570-68825AFD8156}.Release|Any CPU.ActiveCfg = Release|Any CPU
		{A22DD43C-23AF-A2F6-0570-68825AFD8156}.Release|Any CPU.Build.0 = Release|Any CPU
		{1FE69C3F-EB20-3176-9DEC-6A9286767E0F}.Debug|Any CPU.ActiveCfg = Debug|Any CPU
		{1FE69C3F-EB20-3176-9DEC-6A9286767E0F}.Debug|Any CPU.Build.0 = Debug|Any CPU
		{1FE69C3F-EB20-3176-9DEC-6A9286767E0F}.Release|Any CPU.ActiveCfg = Release|Any CPU
		{1FE69C3F-EB20-3176-9DEC-6A9286767E0F}.Release|Any CPU.Build.0 = Release|Any CPU
	EndGlobalSection
	GlobalSection(SolutionProperties) = preSolution
		HideSolutionNode = FALSE
	EndGlobalSection
	GlobalSection(NestedProjects) = preSolution
		{17DA2B3C-7B4E-8644-99BE-B208F4EDDADA} = {DF2E0566-7200-1BD4-6ACE-42FC996923F8}
		{BA711A1E-39D1-17E3-A601-78EF66103E05} = {DF2E0566-7200-1BD4-6ACE-42FC996923F8}
		{6FB8BB1D-A568-1343-AF16-938F9F449AC7} = {DF2E0566-7200-1BD4-6ACE-42FC996923F8}
		{EE2F280F-9150-EA7C-15A1-3A9B9F71A3E8} = {DF2E0566-7200-1BD4-6ACE-42FC996923F8}
		{39DE82D6-A5C0-78CF-C989-5D6A5DEBB2B9} = {344BBE4F-2B96-20C9-CBB2-FBC0E7C3A79F}
		{BC495B00-C324-C946-704B-D4942CAE1503} = {344BBE4F-2B96-20C9-CBB2-FBC0E7C3A79F}
		{1A7C13D6-4A7D-ECA6-9BC8-B6805E74C985} = {344BBE4F-2B96-20C9-CBB2-FBC0E7C3A79F}
		{A22DD43C-23AF-A2F6-0570-68825AFD8156} = {344BBE4F-2B96-20C9-CBB2-FBC0E7C3A79F}
		{1FE69C3F-EB20-3176-9DEC-6A9286767E0F} = {344BBE4F-2B96-20C9-CBB2-FBC0E7C3A79F}
	EndGlobalSection
	GlobalSection(ExtensibilityGlobals) = postSolution
		SolutionGuid = {60A7DEB3-C9E0-4D34-93C9-E77A9B77989B}
	EndGlobalSection
EndGlobal
